
Microsoft Visual Studio Solution File, Format Version 12.00
# Visual Studio 15
VisualStudioVersion = 15.0.26124.0
MinimumVisualStudioVersion = 15.0.26124.0
Project("{FAE04EC0-301F-11D3-BF4B-00C04F79EFBC}") = "IdentityServer", "IdentityServer\IdentityServer.csproj", "{BBA9E239-6412-4F18-81AA-FFE714403033}"
EndProject
Project("{FAE04EC0-301F-11D3-BF4B-00C04F79EFBC}") = "Api", "Api\Api.csproj", "{1BBDE2EC-0C0D-467D-A86A-7A174624AD2C}"
EndProject
Project("{FAE04EC0-301F-11D3-BF4B-00C04F79EFBC}") = "Client", "Client\Client.csproj", "{D2C65A23-1168-4BFE-9569-22904813FCA0}"
EndProject
Global
	GlobalSection(SolutionConfigurationPlatforms) = preSolution
		Debug|Any CPU = Debug|Any CPU
		Debug|x64 = Debug|x64
		Debug|x86 = Debug|x86
		Release|Any CPU = Release|Any CPU
		Release|x64 = Release|x64
		Release|x86 = Release|x86
	EndGlobalSection
	GlobalSection(SolutionProperties) = preSolution
		HideSolutionNode = FALSE
	EndGlobalSection
	GlobalSection(ProjectConfigurationPlatforms) = postSolution
		{BBA9E239-6412-4F18-81AA-FFE714403033}.Debug|Any CPU.ActiveCfg = Debug|Any CPU
		{BBA9E239-6412-4F18-81AA-FFE714403033}.Debug|Any CPU.Build.0 = Debug|Any CPU
		{BBA9E239-6412-4F18-81AA-FFE714403033}.Debug|x64.ActiveCfg = Debug|Any CPU
		{BBA9E239-6412-4F18-81AA-FFE714403033}.Debug|x64.Build.0 = Debug|Any CPU
		{BBA9E239-6412-4F18-81AA-FFE714403033}.Debug|x86.ActiveCfg = Debug|Any CPU
		{BBA9E239-6412-4F18-81AA-FFE714403033}.Debug|x86.Build.0 = Debug|Any CPU
		{BBA9E239-6412-4F18-81AA-FFE714403033}.Release|Any CPU.ActiveCfg = Release|Any CPU
		{BBA9E239-6412-4F18-81AA-FFE714403033}.Release|Any CPU.Build.0 = Release|Any CPU
		{BBA9E239-6412-4F18-81AA-FFE714403033}.Release|x64.ActiveCfg = Release|Any CPU
		{BBA9E239-6412-4F18-81AA-FFE714403033}.Release|x64.Build.0 = Release|Any CPU
		{BBA9E239-6412-4F18-81AA-FFE714403033}.Release|x86.ActiveCfg = Release|Any CPU
		{BBA9E239-6412-4F18-81AA-FFE714403033}.Release|x86.Build.0 = Release|Any CPU
		{1BBDE2EC-0C0D-467D-A86A-7A174624AD2C}.Debug|Any CPU.ActiveCfg = Debug|Any CPU
		{1BBDE2EC-0C0D-467D-A86A-7A174624AD2C}.Debug|Any CPU.Build.0 = Debug|Any CPU
		{1BBDE2EC-0C0D-467D-A86A-7A174624AD2C}.Debug|x64.ActiveCfg = Debug|Any CPU
		{1BBDE2EC-0C0D-467D-A86A-7A174624AD2C}.Debug|x64.Build.0 = Debug|Any CPU
		{1BBDE2EC-0C0D-467D-A86A-7A174624AD2C}.Debug|x86.ActiveCfg = Debug|Any CPU
		{1BBDE2EC-0C0D-467D-A86A-7A174624AD2C}.Debug|x86.Build.0 = Debug|Any CPU
		{1BBDE2EC-0C0D-467D-A86A-7A174624AD2C}.Release|Any CPU.ActiveCfg = Release|Any CPU
		{1BBDE2EC-0C0D-467D-A86A-7A174624AD2C}.Release|Any CPU.Build.0 = Release|Any CPU
		{1BBDE2EC-0C0D-467D-A86A-7A174624AD2C}.Release|x64.ActiveCfg = Release|Any CPU
		{1BBDE2EC-0C0D-467D-A86A-7A174624AD2C}.Release|x64.Build.0 = Release|Any CPU
		{1BBDE2EC-0C0D-467D-A86A-7A174624AD2C}.Release|x86.ActiveCfg = Release|Any CPU
		{1BBDE2EC-0C0D-467D-A86A-7A174624AD2C}.Release|x86.Build.0 = Release|Any CPU
		{D2C65A23-1168-4BFE-9569-22904813FCA0}.Debug|Any CPU.ActiveCfg = Debug|Any CPU
		{D2C65A23-1168-4BFE-9569-22904813FCA0}.Debug|Any CPU.Build.0 = Debug|Any CPU
		{D2C65A23-1168-4BFE-9569-22904813FCA0}.Debug|x64.ActiveCfg = Debug|Any CPU
		{D2C65A23-1168-4BFE-9569-22904813FCA0}.Debug|x64.Build.0 = Debug|Any CPU
		{D2C65A23-1168-4BFE-9569-22904813FCA0}.Debug|x86.ActiveCfg = Debug|Any CPU
		{D2C65A23-1168-4BFE-9569-22904813FCA0}.Debug|x86.Build.0 = Debug|Any CPU
		{D2C65A23-1168-4BFE-9569-22904813FCA0}.Release|Any CPU.ActiveCfg = Release|Any CPU
		{D2C65A23-1168-4BFE-9569-22904813FCA0}.Release|Any CPU.Build.0 = Release|Any CPU
		{D2C65A23-1168-4BFE-9569-22904813FCA0}.Release|x64.ActiveCfg = Release|Any CPU
		{D2C65A23-1168-4BFE-9569-22904813FCA0}.Release|x64.Build.0 = Release|Any CPU
		{D2C65A23-1168-4BFE-9569-22904813FCA0}.Release|x86.ActiveCfg = Release|Any CPU
		{D2C65A23-1168-4BFE-9569-22904813FCA0}.Release|x86.Build.0 = Release|Any CPU
	EndGlobalSection
EndGlobal
